
Microsoft Visual Studio Solution File, Format Version 12.00
# Visual Studio Version 16
VisualStudioVersion = 16.0.32002.261
MinimumVisualStudioVersion = 10.0.40219.1
Project("{FAE04EC0-301F-11D3-BF4B-00C04F79EFBC}") = "TipAndTrapsOne.01Debugger.Tests", "TipAndTrapsOne.01Debugger\TipAndTrapsOne.01Debugger.Tests.csproj", "{061245C4-6712-406F-8ACD-A263785BBD7D}"
EndProject
Project("{FAE04EC0-301F-11D3-BF4B-00C04F79EFBC}") = "SomeInternalThings", "SomeInternalThings\SomeInternalThings.csproj", "{787A79AF-7ABA-4598-9B79-61BE92735387}"
EndProject
Global
	GlobalSection(SolutionConfigurationPlatforms) = preSolution
		Debug|Any CPU = Debug|Any CPU
		Release|Any CPU = Release|Any CPU
	EndGlobalSection
	GlobalSection(ProjectConfigurationPlatforms) = postSolution
		{061245C4-6712-406F-8ACD-A263785BBD7D}.Debug|Any CPU.ActiveCfg = Debug|Any CPU
		{061245C4-6712-406F-8ACD-A263785BBD7D}.Debug|Any CPU.Build.0 = Debug|Any CPU
		{061245C4-6712-406F-8ACD-A263785BBD7D}.Release|Any CPU.ActiveCfg = Release|Any CPU
		{061245C4-6712-406F-8ACD-A263785BBD7D}.Release|Any CPU.Build.0 = Release|Any CPU
		{787A79AF-7ABA-4598-9B79-61BE92735387}.Debug|Any CPU.ActiveCfg = Debug|Any CPU
		{787A79AF-7ABA-4598-9B79-61BE92735387}.Debug|Any CPU.Build.0 = Debug|Any CPU
		{787A79AF-7ABA-4598-9B79-61BE92735387}.Release|Any CPU.ActiveCfg = Release|Any CPU
		{787A79AF-7ABA-4598-9B79-61BE92735387}.Release|Any CPU.Build.0 = Release|Any CPU
	EndGlobalSection
	GlobalSection(SolutionProperties) = preSolution
		HideSolutionNode = FALSE
	EndGlobalSection
	GlobalSection(ExtensibilityGlobals) = postSolution
		SolutionGuid = {C5DF0C09-EBE5-4C0C-81E3-B180D6082CEF}
	EndGlobalSection
EndGlobal
