
Microsoft Visual Studio Solution File, Format Version 12.00
# Visual Studio Version 16
VisualStudioVersion = 16.0.32002.261
MinimumVisualStudioVersion = 10.0.40219.1
Project("{FAE04EC0-301F-11D3-BF4B-00C04F79EFBC}") = "TipAndTrapsOne.01Debugger.Tests", "TipAndTrapsOne.01Debugger\TipAndTrapsOne.01Debugger.Tests.csproj", "{061245C4-6712-406F-8ACD-A263785BBD7D}"
EndProject
Project("{FAE04EC0-301F-11D3-BF4B-00C04F79EFBC}") = "SomeInternalThings", "SomeInternalThings\SomeInternalThings.csproj", "{787A79AF-7ABA-4598-9B79-61BE92735387}"
EndProject
Project("{FAE04EC0-301F-11D3-BF4B-00C04F79EFBC}") = "TipAndTrapsOne.02.Tests", "TipAndTrapsOne.02\TipAndTrapsOne.02.Tests.csproj", "{309E8EB2-59CB-45C8-93B7-8FF05E592244}"
EndProject
Project("{FAE04EC0-301F-11D3-BF4B-00C04F79EFBC}") = "TipAndTrapsOne.03.Tests", "TipAndTrapsOne.03.Tests\TipAndTrapsOne.03.Tests.csproj", "{82D7904B-568F-454D-8633-9182EBEF93CE}"
EndProject
Project("{FAE04EC0-301F-11D3-BF4B-00C04F79EFBC}") = "TipAndTrapsOne.04.Tests", "TipAndTrapsOne.04.Tests\TipAndTrapsOne.04.Tests.csproj", "{1B318F5E-CA74-4AF9-A71B-6257F24999FB}"
EndProject
Project("{FAE04EC0-301F-11D3-BF4B-00C04F79EFBC}") = "TipAndTrapsOne.05.Tests", "TipAndTrapsOne.05.Tests\TipAndTrapsOne.05.Tests.csproj", "{E8DD2F76-1945-4A1F-A8FA-7AFD875BB374}"
EndProject
Project("{FAE04EC0-301F-11D3-BF4B-00C04F79EFBC}") = "AssemblyA", "AssemblyA\AssemblyA.csproj", "{03DB74D5-A7EC-4416-A06F-A7607F643070}"
EndProject
Project("{FAE04EC0-301F-11D3-BF4B-00C04F79EFBC}") = "AssemblyB", "AssemblyB\AssemblyB.csproj", "{EBB4F02D-67FF-429B-9534-64B082886154}"
EndProject
Project("{2150E333-8FDC-42A3-9474-1A3956D46DE8}") = "Second Part", "Second Part", "{071E83A0-A394-4CB2-B8B1-C38C15AC6A54}"
EndProject
Project("{FAE04EC0-301F-11D3-BF4B-00C04F79EFBC}") = "Demos", "CompilerInferredGenericMethodtypes\Demos.csproj", "{F97FCE8A-36F4-440B-9CB3-ECDBC2AFD64A}"
EndProject
Project("{F184B08F-C81C-45F6-A57F-5ABD9991F28F}") = "VBClassLibrary", "VBClassLibrary\VBClassLibrary.vbproj", "{3F0BB776-A9B3-4700-85B1-5A1F004D2C87}"
EndProject
Project("{FAE04EC0-301F-11D3-BF4B-00C04F79EFBC}") = "FileWtacherExample", "FileWtacherExample\FileWtacherExample.csproj", "{248BC96C-EF9A-4F7F-90CF-C822C2C8D7AD}"
EndProject
Global
	GlobalSection(SolutionConfigurationPlatforms) = preSolution
		Debug|Any CPU = Debug|Any CPU
		Release|Any CPU = Release|Any CPU
	EndGlobalSection
	GlobalSection(ProjectConfigurationPlatforms) = postSolution
		{061245C4-6712-406F-8ACD-A263785BBD7D}.Debug|Any CPU.ActiveCfg = Debug|Any CPU
		{061245C4-6712-406F-8ACD-A263785BBD7D}.Debug|Any CPU.Build.0 = Debug|Any CPU
		{061245C4-6712-406F-8ACD-A263785BBD7D}.Release|Any CPU.ActiveCfg = Release|Any CPU
		{061245C4-6712-406F-8ACD-A263785BBD7D}.Release|Any CPU.Build.0 = Release|Any CPU
		{787A79AF-7ABA-4598-9B79-61BE92735387}.Debug|Any CPU.ActiveCfg = Debug|Any CPU
		{787A79AF-7ABA-4598-9B79-61BE92735387}.Debug|Any CPU.Build.0 = Debug|Any CPU
		{787A79AF-7ABA-4598-9B79-61BE92735387}.Release|Any CPU.ActiveCfg = Release|Any CPU
		{787A79AF-7ABA-4598-9B79-61BE92735387}.Release|Any CPU.Build.0 = Release|Any CPU
		{309E8EB2-59CB-45C8-93B7-8FF05E592244}.Debug|Any CPU.ActiveCfg = Debug|Any CPU
		{309E8EB2-59CB-45C8-93B7-8FF05E592244}.Debug|Any CPU.Build.0 = Debug|Any CPU
		{309E8EB2-59CB-45C8-93B7-8FF05E592244}.Release|Any CPU.ActiveCfg = Release|Any CPU
		{309E8EB2-59CB-45C8-93B7-8FF05E592244}.Release|Any CPU.Build.0 = Release|Any CPU
		{82D7904B-568F-454D-8633-9182EBEF93CE}.Debug|Any CPU.ActiveCfg = Debug|Any CPU
		{82D7904B-568F-454D-8633-9182EBEF93CE}.Debug|Any CPU.Build.0 = Debug|Any CPU
		{82D7904B-568F-454D-8633-9182EBEF93CE}.Release|Any CPU.ActiveCfg = Release|Any CPU
		{82D7904B-568F-454D-8633-9182EBEF93CE}.Release|Any CPU.Build.0 = Release|Any CPU
		{1B318F5E-CA74-4AF9-A71B-6257F24999FB}.Debug|Any CPU.ActiveCfg = Debug|Any CPU
		{1B318F5E-CA74-4AF9-A71B-6257F24999FB}.Debug|Any CPU.Build.0 = Debug|Any CPU
		{1B318F5E-CA74-4AF9-A71B-6257F24999FB}.Release|Any CPU.ActiveCfg = Release|Any CPU
		{1B318F5E-CA74-4AF9-A71B-6257F24999FB}.Release|Any CPU.Build.0 = Release|Any CPU
		{E8DD2F76-1945-4A1F-A8FA-7AFD875BB374}.Debug|Any CPU.ActiveCfg = Debug|Any CPU
		{E8DD2F76-1945-4A1F-A8FA-7AFD875BB374}.Debug|Any CPU.Build.0 = Debug|Any CPU
		{E8DD2F76-1945-4A1F-A8FA-7AFD875BB374}.Release|Any CPU.ActiveCfg = Release|Any CPU
		{E8DD2F76-1945-4A1F-A8FA-7AFD875BB374}.Release|Any CPU.Build.0 = Release|Any CPU
		{03DB74D5-A7EC-4416-A06F-A7607F643070}.Debug|Any CPU.ActiveCfg = Debug|Any CPU
		{03DB74D5-A7EC-4416-A06F-A7607F643070}.Debug|Any CPU.Build.0 = Debug|Any CPU
		{03DB74D5-A7EC-4416-A06F-A7607F643070}.Release|Any CPU.ActiveCfg = Release|Any CPU
		{03DB74D5-A7EC-4416-A06F-A7607F643070}.Release|Any CPU.Build.0 = Release|Any CPU
		{EBB4F02D-67FF-429B-9534-64B082886154}.Debug|Any CPU.ActiveCfg = Debug|Any CPU
		{EBB4F02D-67FF-429B-9534-64B082886154}.Debug|Any CPU.Build.0 = Debug|Any CPU
		{EBB4F02D-67FF-429B-9534-64B082886154}.Release|Any CPU.ActiveCfg = Release|Any CPU
		{EBB4F02D-67FF-429B-9534-64B082886154}.Release|Any CPU.Build.0 = Release|Any CPU
		{F97FCE8A-36F4-440B-9CB3-ECDBC2AFD64A}.Debug|Any CPU.ActiveCfg = Debug|Any CPU
		{F97FCE8A-36F4-440B-9CB3-ECDBC2AFD64A}.Debug|Any CPU.Build.0 = Debug|Any CPU
		{F97FCE8A-36F4-440B-9CB3-ECDBC2AFD64A}.Release|Any CPU.ActiveCfg = Release|Any CPU
		{F97FCE8A-36F4-440B-9CB3-ECDBC2AFD64A}.Release|Any CPU.Build.0 = Release|Any CPU
		{3F0BB776-A9B3-4700-85B1-5A1F004D2C87}.Debug|Any CPU.ActiveCfg = Debug|Any CPU
		{3F0BB776-A9B3-4700-85B1-5A1F004D2C87}.Debug|Any CPU.Build.0 = Debug|Any CPU
		{3F0BB776-A9B3-4700-85B1-5A1F004D2C87}.Release|Any CPU.ActiveCfg = Release|Any CPU
		{3F0BB776-A9B3-4700-85B1-5A1F004D2C87}.Release|Any CPU.Build.0 = Release|Any CPU
		{248BC96C-EF9A-4F7F-90CF-C822C2C8D7AD}.Debug|Any CPU.ActiveCfg = Debug|Any CPU
		{248BC96C-EF9A-4F7F-90CF-C822C2C8D7AD}.Debug|Any CPU.Build.0 = Debug|Any CPU
		{248BC96C-EF9A-4F7F-90CF-C822C2C8D7AD}.Release|Any CPU.ActiveCfg = Release|Any CPU
		{248BC96C-EF9A-4F7F-90CF-C822C2C8D7AD}.Release|Any CPU.Build.0 = Release|Any CPU
	EndGlobalSection
	GlobalSection(SolutionProperties) = preSolution
		HideSolutionNode = FALSE
	EndGlobalSection
	GlobalSection(NestedProjects) = preSolution
		{F97FCE8A-36F4-440B-9CB3-ECDBC2AFD64A} = {071E83A0-A394-4CB2-B8B1-C38C15AC6A54}
		{3F0BB776-A9B3-4700-85B1-5A1F004D2C87} = {071E83A0-A394-4CB2-B8B1-C38C15AC6A54}
		{248BC96C-EF9A-4F7F-90CF-C822C2C8D7AD} = {071E83A0-A394-4CB2-B8B1-C38C15AC6A54}
	EndGlobalSection
	GlobalSection(ExtensibilityGlobals) = postSolution
		SolutionGuid = {C5DF0C09-EBE5-4C0C-81E3-B180D6082CEF}
	EndGlobalSection
EndGlobal
